
Microsoft Visual Studio Solution File, Format Version 12.00
# Visual Studio Version 16
VisualStudioVersion = 16.0.30011.22
MinimumVisualStudioVersion = 10.0.40219.1
Project("{8BC9CEB8-8B4A-11D0-8D11-00A0C91BC942}") = "cautrucdulieu", "cautrucdulieu\cautrucdulieu.vcxproj", "{D3676E5B-DD23-41DD-A786-054D6B350906}"
EndProject
Global
	GlobalSection(SolutionConfigurationPlatforms) = preSolution
		Debug|x64 = Debug|x64
		Debug|x86 = Debug|x86
		Release|x64 = Release|x64
		Release|x86 = Release|x86
	EndGlobalSection
	GlobalSection(ProjectConfigurationPlatforms) = postSolution
		{D3676E5B-DD23-41DD-A786-054D6B350906}.Debug|x64.ActiveCfg = Debug|x64
		{D3676E5B-DD23-41DD-A786-054D6B350906}.Debug|x64.Build.0 = Debug|x64
		{D3676E5B-DD23-41DD-A786-054D6B350906}.Debug|x86.ActiveCfg = Debug|Win32
		{D3676E5B-DD23-41DD-A786-054D6B350906}.Debug|x86.Build.0 = Debug|Win32
		{D3676E5B-DD23-41DD-A786-054D6B350906}.Release|x64.ActiveCfg = Release|x64
		{D3676E5B-DD23-41DD-A786-054D6B350906}.Release|x64.Build.0 = Release|x64
		{D3676E5B-DD23-41DD-A786-054D6B350906}.Release|x86.ActiveCfg = Release|Win32
		{D3676E5B-DD23-41DD-A786-054D6B350906}.Release|x86.Build.0 = Release|Win32
	EndGlobalSection
	GlobalSection(SolutionProperties) = preSolution
		HideSolutionNode = FALSE
	EndGlobalSection
	GlobalSection(ExtensibilityGlobals) = postSolution
		SolutionGuid = {82466FC0-502C-4D3D-8673-C8F37570AE57}
	EndGlobalSection
EndGlobal
